
Microsoft Visual Studio Solution File, Format Version 12.00
# Visual Studio 15
VisualStudioVersion = 15.0.27703.2042
MinimumVisualStudioVersion = 10.0.40219.1
Project("{FAE04EC0-301F-11D3-BF4B-00C04F79EFBC}") = "HERO Pneumatic Control", "HERO Pneumatic Control\HERO Pneumatic Control.csproj", "{FA3E547C-3787-4A3A-B29D-29E24D7C2EE1}"
EndProject
Global
	GlobalSection(SolutionConfigurationPlatforms) = preSolution
		Debug|Any CPU = Debug|Any CPU
		Release|Any CPU = Release|Any CPU
	EndGlobalSection
	GlobalSection(ProjectConfigurationPlatforms) = postSolution
		{FA3E547C-3787-4A3A-B29D-29E24D7C2EE1}.Debug|Any CPU.ActiveCfg = Debug|Any CPU
		{FA3E547C-3787-4A3A-B29D-29E24D7C2EE1}.Debug|Any CPU.Build.0 = Debug|Any CPU
		{FA3E547C-3787-4A3A-B29D-29E24D7C2EE1}.Debug|Any CPU.Deploy.0 = Debug|Any CPU
		{FA3E547C-3787-4A3A-B29D-29E24D7C2EE1}.Release|Any CPU.ActiveCfg = Release|Any CPU
		{FA3E547C-3787-4A3A-B29D-29E24D7C2EE1}.Release|Any CPU.Build.0 = Release|Any CPU
		{FA3E547C-3787-4A3A-B29D-29E24D7C2EE1}.Release|Any CPU.Deploy.0 = Release|Any CPU
	EndGlobalSection
	GlobalSection(SolutionProperties) = preSolution
		HideSolutionNode = FALSE
	EndGlobalSection
	GlobalSection(ExtensibilityGlobals) = postSolution
		SolutionGuid = {0697272F-E410-471D-AF6B-3649C7A76A3D}
	EndGlobalSection
EndGlobal
